// !$*UTF8*$!
{
	archiveVersion = 1;
	classes = {
	};
	objectVersion = 50;
	objects = {

/* Begin PBXBuildFile section */
		EC7D090F23F098D400BFBB28 /* AppDelegate.swift in Sources */ = {isa = PBXBuildFile; fileRef = EC7D090E23F098D400BFBB28 /* AppDelegate.swift */; };
		EC7D091123F098D400BFBB28 /* SceneDelegate.swift in Sources */ = {isa = PBXBuildFile; fileRef = EC7D091023F098D400BFBB28 /* SceneDelegate.swift */; };
		EC7D091823F098D700BFBB28 /* Assets.xcassets in Resources */ = {isa = PBXBuildFile; fileRef = EC7D091723F098D700BFBB28 /* Assets.xcassets */; };
		EC7D091B23F098D700BFBB28 /* LaunchScreen.storyboard in Resources */ = {isa = PBXBuildFile; fileRef = EC7D091923F098D700BFBB28 /* LaunchScreen.storyboard */; };
		EC7D092323F09D2800BFBB28 /* SearchVC.swift in Sources */ = {isa = PBXBuildFile; fileRef = EC7D092223F09D2800BFBB28 /* SearchVC.swift */; };
		EC7D092523F09D5000BFBB28 /* FavoritesListVC.swift in Sources */ = {isa = PBXBuildFile; fileRef = EC7D092423F09D5000BFBB28 /* FavoritesListVC.swift */; };
		EC7D092723F0A3E500BFBB28 /* GFButton.swift in Sources */ = {isa = PBXBuildFile; fileRef = EC7D092623F0A3E500BFBB28 /* GFButton.swift */; };
		EC7D092923F0A6A500BFBB28 /* GFTextField.swift in Sources */ = {isa = PBXBuildFile; fileRef = EC7D092823F0A6A500BFBB28 /* GFTextField.swift */; };
		EC7D092B23F0F51E00BFBB28 /* FollowerListVC.swift in Sources */ = {isa = PBXBuildFile; fileRef = EC7D092A23F0F51E00BFBB28 /* FollowerListVC.swift */; };
		EC7D092D23F0F91700BFBB28 /* String+ext+Validation.swift in Sources */ = {isa = PBXBuildFile; fileRef = EC7D092C23F0F91700BFBB28 /* String+ext+Validation.swift */; };
		EC7D092F23F0FBAF00BFBB28 /* GFTitleLabel.swift in Sources */ = {isa = PBXBuildFile; fileRef = EC7D092E23F0FBAF00BFBB28 /* GFTitleLabel.swift */; };
		EC7D093123F0FD8300BFBB28 /* GFBodyLabel.swift in Sources */ = {isa = PBXBuildFile; fileRef = EC7D093023F0FD8300BFBB28 /* GFBodyLabel.swift */; };
		EC7D093323F0FE3E00BFBB28 /* GFAlertVC.swift in Sources */ = {isa = PBXBuildFile; fileRef = EC7D093223F0FE3E00BFBB28 /* GFAlertVC.swift */; };
		EC7D093523F1055600BFBB28 /* UIViewController+Ext.swift in Sources */ = {isa = PBXBuildFile; fileRef = EC7D093423F1055600BFBB28 /* UIViewController+Ext.swift */; };
		EC7D093C23F10E3000BFBB28 /* Follower.swift in Sources */ = {isa = PBXBuildFile; fileRef = EC7D093B23F10E3000BFBB28 /* Follower.swift */; };
		EC7D093E23F10EF600BFBB28 /* User.swift in Sources */ = {isa = PBXBuildFile; fileRef = EC7D093D23F10EF600BFBB28 /* User.swift */; };
		EC7D094123F1140D00BFBB28 /* NetworkManager.swift in Sources */ = {isa = PBXBuildFile; fileRef = EC7D094023F1140D00BFBB28 /* NetworkManager.swift */; };
		EC7D094723F16E9000BFBB28 /* FollowerCell.swift in Sources */ = {isa = PBXBuildFile; fileRef = EC7D094623F16E9000BFBB28 /* FollowerCell.swift */; };
		EC7D094923F16EFC00BFBB28 /* GFAvatarImageView.swift in Sources */ = {isa = PBXBuildFile; fileRef = EC7D094823F16EFC00BFBB28 /* GFAvatarImageView.swift */; };
		EC7D094B23F17F2A00BFBB28 /* UIHelper.swift in Sources */ = {isa = PBXBuildFile; fileRef = EC7D094A23F17F2A00BFBB28 /* UIHelper.swift */; };
		ECB6AC2323FA181300ABD367 /* GFEmptyStateView.swift in Sources */ = {isa = PBXBuildFile; fileRef = ECB6AC2223FA181300ABD367 /* GFEmptyStateView.swift */; };
		ECB6AC2523FA275F00ABD367 /* UserInfoVC.swift in Sources */ = {isa = PBXBuildFile; fileRef = ECB6AC2423FA275F00ABD367 /* UserInfoVC.swift */; };
		ECB6AC2723FA315F00ABD367 /* GFError.swift in Sources */ = {isa = PBXBuildFile; fileRef = ECB6AC2623FA315F00ABD367 /* GFError.swift */; };
/* End PBXBuildFile section */

/* Begin PBXFileReference section */
		EC7D090B23F098D400BFBB28 /* iOS_GHFollowers.app */ = {isa = PBXFileReference; explicitFileType = wrapper.application; includeInIndex = 0; path = iOS_GHFollowers.app; sourceTree = BUILT_PRODUCTS_DIR; };
		EC7D090E23F098D400BFBB28 /* AppDelegate.swift */ = {isa = PBXFileReference; lastKnownFileType = sourcecode.swift; path = AppDelegate.swift; sourceTree = "<group>"; };
		EC7D091023F098D400BFBB28 /* SceneDelegate.swift */ = {isa = PBXFileReference; lastKnownFileType = sourcecode.swift; path = SceneDelegate.swift; sourceTree = "<group>"; };
		EC7D091723F098D700BFBB28 /* Assets.xcassets */ = {isa = PBXFileReference; lastKnownFileType = folder.assetcatalog; path = Assets.xcassets; sourceTree = "<group>"; };
		EC7D091A23F098D700BFBB28 /* Base */ = {isa = PBXFileReference; lastKnownFileType = file.storyboard; name = Base; path = Base.lproj/LaunchScreen.storyboard; sourceTree = "<group>"; };
		EC7D091C23F098D700BFBB28 /* Info.plist */ = {isa = PBXFileReference; lastKnownFileType = text.plist.xml; path = Info.plist; sourceTree = "<group>"; };
		EC7D092223F09D2800BFBB28 /* SearchVC.swift */ = {isa = PBXFileReference; lastKnownFileType = sourcecode.swift; path = SearchVC.swift; sourceTree = "<group>"; };
		EC7D092423F09D5000BFBB28 /* FavoritesListVC.swift */ = {isa = PBXFileReference; lastKnownFileType = sourcecode.swift; path = FavoritesListVC.swift; sourceTree = "<group>"; };
		EC7D092623F0A3E500BFBB28 /* GFButton.swift */ = {isa = PBXFileReference; lastKnownFileType = sourcecode.swift; path = GFButton.swift; sourceTree = "<group>"; };
		EC7D092823F0A6A500BFBB28 /* GFTextField.swift */ = {isa = PBXFileReference; lastKnownFileType = sourcecode.swift; path = GFTextField.swift; sourceTree = "<group>"; };
		EC7D092A23F0F51E00BFBB28 /* FollowerListVC.swift */ = {isa = PBXFileReference; lastKnownFileType = sourcecode.swift; path = FollowerListVC.swift; sourceTree = "<group>"; };
		EC7D092C23F0F91700BFBB28 /* String+ext+Validation.swift */ = {isa = PBXFileReference; lastKnownFileType = sourcecode.swift; path = "String+ext+Validation.swift"; sourceTree = "<group>"; };
		EC7D092E23F0FBAF00BFBB28 /* GFTitleLabel.swift */ = {isa = PBXFileReference; lastKnownFileType = sourcecode.swift; path = GFTitleLabel.swift; sourceTree = "<group>"; };
		EC7D093023F0FD8300BFBB28 /* GFBodyLabel.swift */ = {isa = PBXFileReference; lastKnownFileType = sourcecode.swift; path = GFBodyLabel.swift; sourceTree = "<group>"; };
		EC7D093223F0FE3E00BFBB28 /* GFAlertVC.swift */ = {isa = PBXFileReference; lastKnownFileType = sourcecode.swift; path = GFAlertVC.swift; sourceTree = "<group>"; };
		EC7D093423F1055600BFBB28 /* UIViewController+Ext.swift */ = {isa = PBXFileReference; lastKnownFileType = sourcecode.swift; path = "UIViewController+Ext.swift"; sourceTree = "<group>"; };
		EC7D093B23F10E3000BFBB28 /* Follower.swift */ = {isa = PBXFileReference; lastKnownFileType = sourcecode.swift; path = Follower.swift; sourceTree = "<group>"; };
		EC7D093D23F10EF600BFBB28 /* User.swift */ = {isa = PBXFileReference; lastKnownFileType = sourcecode.swift; path = User.swift; sourceTree = "<group>"; };
		EC7D094023F1140D00BFBB28 /* NetworkManager.swift */ = {isa = PBXFileReference; lastKnownFileType = sourcecode.swift; path = NetworkManager.swift; sourceTree = "<group>"; };
		EC7D094623F16E9000BFBB28 /* FollowerCell.swift */ = {isa = PBXFileReference; lastKnownFileType = sourcecode.swift; path = FollowerCell.swift; sourceTree = "<group>"; };
		EC7D094823F16EFC00BFBB28 /* GFAvatarImageView.swift */ = {isa = PBXFileReference; lastKnownFileType = sourcecode.swift; path = GFAvatarImageView.swift; sourceTree = "<group>"; };
		EC7D094A23F17F2A00BFBB28 /* UIHelper.swift */ = {isa = PBXFileReference; lastKnownFileType = sourcecode.swift; path = UIHelper.swift; sourceTree = "<group>"; };
		ECB6AC2223FA181300ABD367 /* GFEmptyStateView.swift */ = {isa = PBXFileReference; lastKnownFileType = sourcecode.swift; path = GFEmptyStateView.swift; sourceTree = "<group>"; };
		ECB6AC2423FA275F00ABD367 /* UserInfoVC.swift */ = {isa = PBXFileReference; lastKnownFileType = sourcecode.swift; path = UserInfoVC.swift; sourceTree = "<group>"; };
		ECB6AC2623FA315F00ABD367 /* GFError.swift */ = {isa = PBXFileReference; lastKnownFileType = sourcecode.swift; path = GFError.swift; sourceTree = "<group>"; };
/* End PBXFileReference section */

/* Begin PBXFrameworksBuildPhase section */
		EC7D090823F098D400BFBB28 /* Frameworks */ = {
			isa = PBXFrameworksBuildPhase;
			buildActionMask = 2147483647;
			files = (
			);
			runOnlyForDeploymentPostprocessing = 0;
		};
/* End PBXFrameworksBuildPhase section */

/* Begin PBXGroup section */
		EC7D090223F098D400BFBB28 = {
			isa = PBXGroup;
			children = (
				EC7D090D23F098D400BFBB28 /* iOS_GHFollowers */,
				EC7D090C23F098D400BFBB28 /* Products */,
			);
			sourceTree = "<group>";
		};
		EC7D090C23F098D400BFBB28 /* Products */ = {
			isa = PBXGroup;
			children = (
				EC7D090B23F098D400BFBB28 /* iOS_GHFollowers.app */,
			);
			name = Products;
			sourceTree = "<group>";
		};
		EC7D090D23F098D400BFBB28 /* iOS_GHFollowers */ = {
			isa = PBXGroup;
			children = (
				EC7D094223F11CA200BFBB28 /* Utilities */,
				EC7D093F23F113FB00BFBB28 /* Managers */,
				EC7D091C23F098D700BFBB28 /* Info.plist */,
				EC7D093A23F10E2300BFBB28 /* Model */,
				EC7D093723F1088300BFBB28 /* Custom Views */,
				EC7D093623F1084F00BFBB28 /* Screens */,
				EC7D093823F108B500BFBB28 /* Extensions */,
				EC7D093923F1093B00BFBB28 /* Support */,
			);
			path = iOS_GHFollowers;
			sourceTree = "<group>";
		};
		EC7D093623F1084F00BFBB28 /* Screens */ = {
			isa = PBXGroup;
			children = (
				EC7D092223F09D2800BFBB28 /* SearchVC.swift */,
				EC7D092A23F0F51E00BFBB28 /* FollowerListVC.swift */,
				ECB6AC2423FA275F00ABD367 /* UserInfoVC.swift */,
				EC7D092423F09D5000BFBB28 /* FavoritesListVC.swift */,
			);
			path = Screens;
			sourceTree = "<group>";
		};
		EC7D093723F1088300BFBB28 /* Custom Views */ = {
			isa = PBXGroup;
			children = (
				ECB6AC2123FA17EC00ABD367 /* Labels */,
				ECB6AC2023FA17CD00ABD367 /* View Controllers */,
				ECB6AC1F23FA17C100ABD367 /* Text Fields */,
				ECB6AC1E23FA17B800ABD367 /* Image Views */,
				ECB6AC1D23FA17B200ABD367 /* Buttons */,
				ECB6AC1C23FA17A700ABD367 /* Views */,
				EC7D094523F16E6000BFBB28 /* Cells */,
			);
			path = "Custom Views";
			sourceTree = "<group>";
		};
		EC7D093823F108B500BFBB28 /* Extensions */ = {
			isa = PBXGroup;
			children = (
				EC7D093423F1055600BFBB28 /* UIViewController+Ext.swift */,
			);
			path = Extensions;
			sourceTree = "<group>";
		};
		EC7D093923F1093B00BFBB28 /* Support */ = {
			isa = PBXGroup;
			children = (
				EC7D091023F098D400BFBB28 /* SceneDelegate.swift */,
				EC7D090E23F098D400BFBB28 /* AppDelegate.swift */,
				EC7D091723F098D700BFBB28 /* Assets.xcassets */,
				EC7D091923F098D700BFBB28 /* LaunchScreen.storyboard */,
				EC7D092C23F0F91700BFBB28 /* String+ext+Validation.swift */,
			);
			path = Support;
			sourceTree = "<group>";
		};
		EC7D093A23F10E2300BFBB28 /* Model */ = {
			isa = PBXGroup;
			children = (
				EC7D093B23F10E3000BFBB28 /* Follower.swift */,
				EC7D093D23F10EF600BFBB28 /* User.swift */,
			);
			path = Model;
			sourceTree = "<group>";
		};
		EC7D093F23F113FB00BFBB28 /* Managers */ = {
			isa = PBXGroup;
			children = (
				EC7D094023F1140D00BFBB28 /* NetworkManager.swift */,
			);
			path = Managers;
			sourceTree = "<group>";
		};
		EC7D094223F11CA200BFBB28 /* Utilities */ = {
			isa = PBXGroup;
			children = (
				ECB6AC2623FA315F00ABD367 /* GFError.swift */,
				EC7D094A23F17F2A00BFBB28 /* UIHelper.swift */,
			);
			path = Utilities;
			sourceTree = "<group>";
		};
		EC7D094523F16E6000BFBB28 /* Cells */ = {
			isa = PBXGroup;
			children = (
				EC7D094623F16E9000BFBB28 /* FollowerCell.swift */,
			);
			path = Cells;
			sourceTree = "<group>";
		};
		ECB6AC1C23FA17A700ABD367 /* Views */ = {
			isa = PBXGroup;
			children = (
				ECB6AC2223FA181300ABD367 /* GFEmptyStateView.swift */,
			);
			path = Views;
			sourceTree = "<group>";
		};
		ECB6AC1D23FA17B200ABD367 /* Buttons */ = {
			isa = PBXGroup;
			children = (
				EC7D092623F0A3E500BFBB28 /* GFButton.swift */,
			);
			path = Buttons;
			sourceTree = "<group>";
		};
		ECB6AC1E23FA17B800ABD367 /* Image Views */ = {
			isa = PBXGroup;
			children = (
				EC7D094823F16EFC00BFBB28 /* GFAvatarImageView.swift */,
			);
			path = "Image Views";
			sourceTree = "<group>";
		};
		ECB6AC1F23FA17C100ABD367 /* Text Fields */ = {
			isa = PBXGroup;
			children = (
				EC7D092823F0A6A500BFBB28 /* GFTextField.swift */,
			);
			path = "Text Fields";
			sourceTree = "<group>";
		};
		ECB6AC2023FA17CD00ABD367 /* View Controllers */ = {
			isa = PBXGroup;
			children = (
				EC7D093223F0FE3E00BFBB28 /* GFAlertVC.swift */,
			);
			path = "View Controllers";
			sourceTree = "<group>";
		};
		ECB6AC2123FA17EC00ABD367 /* Labels */ = {
			isa = PBXGroup;
			children = (
				EC7D092E23F0FBAF00BFBB28 /* GFTitleLabel.swift */,
				EC7D093023F0FD8300BFBB28 /* GFBodyLabel.swift */,
			);
			path = Labels;
			sourceTree = "<group>";
		};
/* End PBXGroup section */

/* Begin PBXNativeTarget section */
		EC7D090A23F098D400BFBB28 /* iOS_GHFollowers */ = {
			isa = PBXNativeTarget;
			buildConfigurationList = EC7D091F23F098D700BFBB28 /* Build configuration list for PBXNativeTarget "iOS_GHFollowers" */;
			buildPhases = (
				EC7D090723F098D400BFBB28 /* Sources */,
				EC7D090823F098D400BFBB28 /* Frameworks */,
				EC7D090923F098D400BFBB28 /* Resources */,
			);
			buildRules = (
			);
			dependencies = (
			);
			name = iOS_GHFollowers;
			productName = iOS_GHFollowers;
			productReference = EC7D090B23F098D400BFBB28 /* iOS_GHFollowers.app */;
			productType = "com.apple.product-type.application";
		};
/* End PBXNativeTarget section */

/* Begin PBXProject section */
		EC7D090323F098D400BFBB28 /* Project object */ = {
			isa = PBXProject;
			attributes = {
				LastSwiftUpdateCheck = 1130;
				LastUpgradeCheck = 1130;
				ORGANIZATIONNAME = aglegaspi;
				TargetAttributes = {
					EC7D090A23F098D400BFBB28 = {
						CreatedOnToolsVersion = 11.3.1;
					};
				};
			};
			buildConfigurationList = EC7D090623F098D400BFBB28 /* Build configuration list for PBXProject "iOS_GHFollowers" */;
			compatibilityVersion = "Xcode 9.3";
			developmentRegion = en;
			hasScannedForEncodings = 0;
			knownRegions = (
				en,
				Base,
			);
			mainGroup = EC7D090223F098D400BFBB28;
			productRefGroup = EC7D090C23F098D400BFBB28 /* Products */;
			projectDirPath = "";
			projectRoot = "";
			targets = (
				EC7D090A23F098D400BFBB28 /* iOS_GHFollowers */,
			);
		};
/* End PBXProject section */

/* Begin PBXResourcesBuildPhase section */
		EC7D090923F098D400BFBB28 /* Resources */ = {
			isa = PBXResourcesBuildPhase;
			buildActionMask = 2147483647;
			files = (
				EC7D091B23F098D700BFBB28 /* LaunchScreen.storyboard in Resources */,
				EC7D091823F098D700BFBB28 /* Assets.xcassets in Resources */,
			);
			runOnlyForDeploymentPostprocessing = 0;
		};
/* End PBXResourcesBuildPhase section */

/* Begin PBXSourcesBuildPhase section */
		EC7D090723F098D400BFBB28 /* Sources */ = {
			isa = PBXSourcesBuildPhase;
			buildActionMask = 2147483647;
			files = (
				EC7D092923F0A6A500BFBB28 /* GFTextField.swift in Sources */,
				ECB6AC2723FA315F00ABD367 /* GFError.swift in Sources */,
				EC7D092323F09D2800BFBB28 /* SearchVC.swift in Sources */,
				EC7D093523F1055600BFBB28 /* UIViewController+Ext.swift in Sources */,
				EC7D092723F0A3E500BFBB28 /* GFButton.swift in Sources */,
				EC7D092523F09D5000BFBB28 /* FavoritesListVC.swift in Sources */,
				ECB6AC2323FA181300ABD367 /* GFEmptyStateView.swift in Sources */,
				EC7D092B23F0F51E00BFBB28 /* FollowerListVC.swift in Sources */,
				EC7D093E23F10EF600BFBB28 /* User.swift in Sources */,
				EC7D094723F16E9000BFBB28 /* FollowerCell.swift in Sources */,
				EC7D094923F16EFC00BFBB28 /* GFAvatarImageView.swift in Sources */,
				EC7D093323F0FE3E00BFBB28 /* GFAlertVC.swift in Sources */,
				ECB6AC2523FA275F00ABD367 /* UserInfoVC.swift in Sources */,
				EC7D093C23F10E3000BFBB28 /* Follower.swift in Sources */,
				EC7D090F23F098D400BFBB28 /* AppDelegate.swift in Sources */,
				EC7D092F23F0FBAF00BFBB28 /* GFTitleLabel.swift in Sources */,
				EC7D091123F098D400BFBB28 /* SceneDelegate.swift in Sources */,
				EC7D094B23F17F2A00BFBB28 /* UIHelper.swift in Sources */,
				EC7D094123F1140D00BFBB28 /* NetworkManager.swift in Sources */,
				EC7D092D23F0F91700BFBB28 /* String+ext+Validation.swift in Sources */,
				EC7D093123F0FD8300BFBB28 /* GFBodyLabel.swift in Sources */,
			);
			runOnlyForDeploymentPostprocessing = 0;
		};
/* End PBXSourcesBuildPhase section */

/* Begin PBXVariantGroup section */
		EC7D091923F098D700BFBB28 /* LaunchScreen.storyboard */ = {
			isa = PBXVariantGroup;
			children = (
				EC7D091A23F098D700BFBB28 /* Base */,
			);
			name = LaunchScreen.storyboard;
			sourceTree = "<group>";
		};
/* End PBXVariantGroup section */

/* Begin XCBuildConfiguration section */
		EC7D091D23F098D700BFBB28 /* Debug */ = {
			isa = XCBuildConfiguration;
			buildSettings = {
				ALWAYS_SEARCH_USER_PATHS = NO;
				CLANG_ANALYZER_NONNULL = YES;
				CLANG_ANALYZER_NUMBER_OBJECT_CONVERSION = YES_AGGRESSIVE;
				CLANG_CXX_LANGUAGE_STANDARD = "gnu++14";
				CLANG_CXX_LIBRARY = "libc++";
				CLANG_ENABLE_MODULES = YES;
				CLANG_ENABLE_OBJC_ARC = YES;
				CLANG_ENABLE_OBJC_WEAK = YES;
				CLANG_WARN_BLOCK_CAPTURE_AUTORELEASING = YES;
				CLANG_WARN_BOOL_CONVERSION = YES;
				CLANG_WARN_COMMA = YES;
				CLANG_WARN_CONSTANT_CONVERSION = YES;
				CLANG_WARN_DEPRECATED_OBJC_IMPLEMENTATIONS = YES;
				CLANG_WARN_DIRECT_OBJC_ISA_USAGE = YES_ERROR;
				CLANG_WARN_DOCUMENTATION_COMMENTS = YES;
				CLANG_WARN_EMPTY_BODY = YES;
				CLANG_WARN_ENUM_CONVERSION = YES;
				CLANG_WARN_INFINITE_RECURSION = YES;
				CLANG_WARN_INT_CONVERSION = YES;
				CLANG_WARN_NON_LITERAL_NULL_CONVERSION = YES;
				CLANG_WARN_OBJC_IMPLICIT_RETAIN_SELF = YES;
				CLANG_WARN_OBJC_LITERAL_CONVERSION = YES;
				CLANG_WARN_OBJC_ROOT_CLASS = YES_ERROR;
				CLANG_WARN_RANGE_LOOP_ANALYSIS = YES;
				CLANG_WARN_STRICT_PROTOTYPES = YES;
				CLANG_WARN_SUSPICIOUS_MOVE = YES;
				CLANG_WARN_UNGUARDED_AVAILABILITY = YES_AGGRESSIVE;
				CLANG_WARN_UNREACHABLE_CODE = YES;
				CLANG_WARN__DUPLICATE_METHOD_MATCH = YES;
				COPY_PHASE_STRIP = NO;
				DEBUG_INFORMATION_FORMAT = dwarf;
				ENABLE_STRICT_OBJC_MSGSEND = YES;
				ENABLE_TESTABILITY = YES;
				GCC_C_LANGUAGE_STANDARD = gnu11;
				GCC_DYNAMIC_NO_PIC = NO;
				GCC_NO_COMMON_BLOCKS = YES;
				GCC_OPTIMIZATION_LEVEL = 0;
				GCC_PREPROCESSOR_DEFINITIONS = (
					"DEBUG=1",
					"$(inherited)",
				);
				GCC_WARN_64_TO_32_BIT_CONVERSION = YES;
				GCC_WARN_ABOUT_RETURN_TYPE = YES_ERROR;
				GCC_WARN_UNDECLARED_SELECTOR = YES;
				GCC_WARN_UNINITIALIZED_AUTOS = YES_AGGRESSIVE;
				GCC_WARN_UNUSED_FUNCTION = YES;
				GCC_WARN_UNUSED_VARIABLE = YES;
				IPHONEOS_DEPLOYMENT_TARGET = 13.2;
				MTL_ENABLE_DEBUG_INFO = INCLUDE_SOURCE;
				MTL_FAST_MATH = YES;
				ONLY_ACTIVE_ARCH = YES;
				SDKROOT = iphoneos;
				SWIFT_ACTIVE_COMPILATION_CONDITIONS = DEBUG;
				SWIFT_OPTIMIZATION_LEVEL = "-Onone";
			};
			name = Debug;
		};
		EC7D091E23F098D700BFBB28 /* Release */ = {
			isa = XCBuildConfiguration;
			buildSettings = {
				ALWAYS_SEARCH_USER_PATHS = NO;
				CLANG_ANALYZER_NONNULL = YES;
				CLANG_ANALYZER_NUMBER_OBJECT_CONVERSION = YES_AGGRESSIVE;
				CLANG_CXX_LANGUAGE_STANDARD = "gnu++14";
				CLANG_CXX_LIBRARY = "libc++";
				CLANG_ENABLE_MODULES = YES;
				CLANG_ENABLE_OBJC_ARC = YES;
				CLANG_ENABLE_OBJC_WEAK = YES;
				CLANG_WARN_BLOCK_CAPTURE_AUTORELEASING = YES;
				CLANG_WARN_BOOL_CONVERSION = YES;
				CLANG_WARN_COMMA = YES;
				CLANG_WARN_CONSTANT_CONVERSION = YES;
				CLANG_WARN_DEPRECATED_OBJC_IMPLEMENTATIONS = YES;
				CLANG_WARN_DIRECT_OBJC_ISA_USAGE = YES_ERROR;
				CLANG_WARN_DOCUMENTATION_COMMENTS = YES;
				CLANG_WARN_EMPTY_BODY = YES;
				CLANG_WARN_ENUM_CONVERSION = YES;
				CLANG_WARN_INFINITE_RECURSION = YES;
				CLANG_WARN_INT_CONVERSION = YES;
				CLANG_WARN_NON_LITERAL_NULL_CONVERSION = YES;
				CLANG_WARN_OBJC_IMPLICIT_RETAIN_SELF = YES;
				CLANG_WARN_OBJC_LITERAL_CONVERSION = YES;
				CLANG_WARN_OBJC_ROOT_CLASS = YES_ERROR;
				CLANG_WARN_RANGE_LOOP_ANALYSIS = YES;
				CLANG_WARN_STRICT_PROTOTYPES = YES;
				CLANG_WARN_SUSPICIOUS_MOVE = YES;
				CLANG_WARN_UNGUARDED_AVAILABILITY = YES_AGGRESSIVE;
				CLANG_WARN_UNREACHABLE_CODE = YES;
				CLANG_WARN__DUPLICATE_METHOD_MATCH = YES;
				COPY_PHASE_STRIP = NO;
				DEBUG_INFORMATION_FORMAT = "dwarf-with-dsym";
				ENABLE_NS_ASSERTIONS = NO;
				ENABLE_STRICT_OBJC_MSGSEND = YES;
				GCC_C_LANGUAGE_STANDARD = gnu11;
				GCC_NO_COMMON_BLOCKS = YES;
				GCC_WARN_64_TO_32_BIT_CONVERSION = YES;
				GCC_WARN_ABOUT_RETURN_TYPE = YES_ERROR;
				GCC_WARN_UNDECLARED_SELECTOR = YES;
				GCC_WARN_UNINITIALIZED_AUTOS = YES_AGGRESSIVE;
				GCC_WARN_UNUSED_FUNCTION = YES;
				GCC_WARN_UNUSED_VARIABLE = YES;
				IPHONEOS_DEPLOYMENT_TARGET = 13.2;
				MTL_ENABLE_DEBUG_INFO = NO;
				MTL_FAST_MATH = YES;
				SDKROOT = iphoneos;
				SWIFT_COMPILATION_MODE = wholemodule;
				SWIFT_OPTIMIZATION_LEVEL = "-O";
				VALIDATE_PRODUCT = YES;
			};
			name = Release;
		};
		EC7D092023F098D700BFBB28 /* Debug */ = {
			isa = XCBuildConfiguration;
			buildSettings = {
				ASSETCATALOG_COMPILER_APPICON_NAME = AppIcon;
				CODE_SIGN_STYLE = Automatic;
				DEVELOPMENT_TEAM = 7QAYF98LA4;
				INFOPLIST_FILE = iOS_GHFollowers/Info.plist;
				LD_RUNPATH_SEARCH_PATHS = (
					"$(inherited)",
					"@executable_path/Frameworks",
				);
				PRODUCT_BUNDLE_IDENTIFIER = "aglegaspi.iOS-GHFollowers";
				PRODUCT_NAME = "$(TARGET_NAME)";
				SWIFT_VERSION = 5.0;
				TARGETED_DEVICE_FAMILY = 1;
			};
			name = Debug;
		};
		EC7D092123F098D700BFBB28 /* Release */ = {
			isa = XCBuildConfiguration;
			buildSettings = {
				ASSETCATALOG_COMPILER_APPICON_NAME = AppIcon;
				CODE_SIGN_STYLE = Automatic;
				DEVELOPMENT_TEAM = 7QAYF98LA4;
				INFOPLIST_FILE = iOS_GHFollowers/Info.plist;
				LD_RUNPATH_SEARCH_PATHS = (
					"$(inherited)",
					"@executable_path/Frameworks",
				);
				PRODUCT_BUNDLE_IDENTIFIER = "aglegaspi.iOS-GHFollowers";
				PRODUCT_NAME = "$(TARGET_NAME)";
				SWIFT_VERSION = 5.0;
				TARGETED_DEVICE_FAMILY = 1;
			};
			name = Release;
		};
/* End XCBuildConfiguration section */

/* Begin XCConfigurationList section */
		EC7D090623F098D400BFBB28 /* Build configuration list for PBXProject "iOS_GHFollowers" */ = {
			isa = XCConfigurationList;
			buildConfigurations = (
				EC7D091D23F098D700BFBB28 /* Debug */,
				EC7D091E23F098D700BFBB28 /* Release */,
			);
			defaultConfigurationIsVisible = 0;
			defaultConfigurationName = Release;
		};
		EC7D091F23F098D700BFBB28 /* Build configuration list for PBXNativeTarget "iOS_GHFollowers" */ = {
			isa = XCConfigurationList;
			buildConfigurations = (
				EC7D092023F098D700BFBB28 /* Debug */,
				EC7D092123F098D700BFBB28 /* Release */,
			);
			defaultConfigurationIsVisible = 0;
			defaultConfigurationName = Release;
		};
/* End XCConfigurationList section */
	};
	rootObject = EC7D090323F098D400BFBB28 /* Project object */;
}
